
Microsoft Visual Studio Solution File, Format Version 12.00
# Visual Studio Version 16
VisualStudioVersion = 16.0.31624.102
MinimumVisualStudioVersion = 10.0.40219.1
Project("{FAE04EC0-301F-11D3-BF4B-00C04F79EFBC}") = "Lab09_Entity_Framework", "Lab09_Entity_Framework\Lab09_Entity_Framework.csproj", "{54EEB76A-A1AC-4E09-A41E-6A0945D3CABC}"
EndProject
Global
	GlobalSection(SolutionConfigurationPlatforms) = preSolution
		Debug|Any CPU = Debug|Any CPU
		Release|Any CPU = Release|Any CPU
	EndGlobalSection
	GlobalSection(ProjectConfigurationPlatforms) = postSolution
		{54EEB76A-A1AC-4E09-A41E-6A0945D3CABC}.Debug|Any CPU.ActiveCfg = Debug|Any CPU
		{54EEB76A-A1AC-4E09-A41E-6A0945D3CABC}.Debug|Any CPU.Build.0 = Debug|Any CPU
		{54EEB76A-A1AC-4E09-A41E-6A0945D3CABC}.Release|Any CPU.ActiveCfg = Release|Any CPU
		{54EEB76A-A1AC-4E09-A41E-6A0945D3CABC}.Release|Any CPU.Build.0 = Release|Any CPU
	EndGlobalSection
	GlobalSection(SolutionProperties) = preSolution
		HideSolutionNode = FALSE
	EndGlobalSection
	GlobalSection(ExtensibilityGlobals) = postSolution
		SolutionGuid = {8A93EA01-3A77-4D7F-8415-CEE333701CF2}
	EndGlobalSection
EndGlobal
